{
    "_readme": [
        "This file locks the dependencies of your project to a known state",
        "Read more about it at https://getcomposer.org/doc/01-basic-usage.md#installing-dependencies",
        "This file is @generated automatically"
    ],
    "content-hash": "953dd642f6f557b9a6972cf970d74218",
    "packages": [],
    "packages-dev": [],
    "aliases": [],
    "minimum-stability": "dev",
    "stability-flags": {},
    "prefer-stable": true,
    "prefer-lowest": false,
    "platform": {
        "php": "^8.4"
    },
    "platform-dev": {},
    "plugin-api-version": "2.6.0"
}
